
Microsoft Visual Studio Solution File, Format Version 12.00
# Visual Studio 15
Project("{FAE04EC0-301F-11D3-BF4B-00C04F79EFBC}") = "Assembly-CSharp", "Assembly-CSharp.csproj", "{70B6EFB5-A169-011B-E7A5-FDC8F426F5D7}"
EndProject
Project("{FAE04EC0-301F-11D3-BF4B-00C04F79EFBC}") = "Assembly-CSharp-firstpass", "Assembly-CSharp-firstpass.csproj", "{A69318C7-0D41-FA23-86AD-94350C932CD6}"
EndProject
Project("{FAE04EC0-301F-11D3-BF4B-00C04F79EFBC}") = "Assembly-CSharp-Editor", "Assembly-CSharp-Editor.csproj", "{C0563E7F-B3A8-EA6A-7C7D-B3234BEA88E9}"
EndProject
Global
	GlobalSection(SolutionConfigurationPlatforms) = preSolution
		Debug|Any CPU = Debug|Any CPU
		Release|Any CPU = Release|Any CPU
	EndGlobalSection
	GlobalSection(ProjectConfigurationPlatforms) = postSolution
		{70B6EFB5-A169-011B-E7A5-FDC8F426F5D7}.Debug|Any CPU.ActiveCfg = Debug|Any CPU
		{70B6EFB5-A169-011B-E7A5-FDC8F426F5D7}.Debug|Any CPU.Build.0 = Debug|Any CPU
		{70B6EFB5-A169-011B-E7A5-FDC8F426F5D7}.Release|Any CPU.ActiveCfg = Release|Any CPU
		{70B6EFB5-A169-011B-E7A5-FDC8F426F5D7}.Release|Any CPU.Build.0 = Release|Any CPU
		{A69318C7-0D41-FA23-86AD-94350C932CD6}.Debug|Any CPU.ActiveCfg = Debug|Any CPU
		{A69318C7-0D41-FA23-86AD-94350C932CD6}.Debug|Any CPU.Build.0 = Debug|Any CPU
		{A69318C7-0D41-FA23-86AD-94350C932CD6}.Release|Any CPU.ActiveCfg = Release|Any CPU
		{A69318C7-0D41-FA23-86AD-94350C932CD6}.Release|Any CPU.Build.0 = Release|Any CPU
		{C0563E7F-B3A8-EA6A-7C7D-B3234BEA88E9}.Debug|Any CPU.ActiveCfg = Debug|Any CPU
		{C0563E7F-B3A8-EA6A-7C7D-B3234BEA88E9}.Debug|Any CPU.Build.0 = Debug|Any CPU
		{C0563E7F-B3A8-EA6A-7C7D-B3234BEA88E9}.Release|Any CPU.ActiveCfg = Release|Any CPU
		{C0563E7F-B3A8-EA6A-7C7D-B3234BEA88E9}.Release|Any CPU.Build.0 = Release|Any CPU
	EndGlobalSection
	GlobalSection(SolutionProperties) = preSolution
		HideSolutionNode = FALSE
	EndGlobalSection
EndGlobal
